
Microsoft Visual Studio Solution File, Format Version 12.00
# Visual Studio Version 17
VisualStudioVersion = 17.5.002.0
MinimumVisualStudioVersion = 10.0.40219.1
Project("{9A19103F-16F7-4668-BE54-9A1E7A4F7556}") = "DesafioFundamentos", "DesafioFundamentos\DesafioFundamentos.csproj", "{3B4FA9ED-C14D-4C54-BA4F-209735A79506}"
EndProject
Global
	GlobalSection(SolutionConfigurationPlatforms) = preSolution
		Debug|Any CPU = Debug|Any CPU
		Release|Any CPU = Release|Any CPU
	EndGlobalSection
	GlobalSection(ProjectConfigurationPlatforms) = postSolution
		{3B4FA9ED-C14D-4C54-BA4F-209735A79506}.Debug|Any CPU.ActiveCfg = Debug|Any CPU
		{3B4FA9ED-C14D-4C54-BA4F-209735A79506}.Debug|Any CPU.Build.0 = Debug|Any CPU
		{3B4FA9ED-C14D-4C54-BA4F-209735A79506}.Release|Any CPU.ActiveCfg = Release|Any CPU
		{3B4FA9ED-C14D-4C54-BA4F-209735A79506}.Release|Any CPU.Build.0 = Release|Any CPU
	EndGlobalSection
	GlobalSection(SolutionProperties) = preSolution
		HideSolutionNode = FALSE
	EndGlobalSection
	GlobalSection(ExtensibilityGlobals) = postSolution
		SolutionGuid = {8320760F-8F78-4B86-ACCD-6D6E025D2520}
	EndGlobalSection
EndGlobal
